// !$*UTF8*$!
{
	archiveVersion = 1;
	classes = {
	};
	objectVersion = 77;
	objects = {

/* Begin PBXBuildFile section */
		4D400BE92CF9A15C00B0A33E /* SplashViewController.swift in Sources */ = {isa = PBXBuildFile; fileRef = 4D400BE82CF9A15C00B0A33E /* SplashViewController.swift */; };
		4D400BF02CF9BD4100B0A33E /* LoginViewController.swift in Sources */ = {isa = PBXBuildFile; fileRef = 4D400BEF2CF9BD4100B0A33E /* LoginViewController.swift */; };
		4D400BF22CF9C00B00B0A33E /* HomeViewController.swift in Sources */ = {isa = PBXBuildFile; fileRef = 4D400BF12CF9C00B00B0A33E /* HomeViewController.swift */; };
		4D45F2072CF95C3500189E3B /* DefaultConfig.plist in Resources */ = {isa = PBXBuildFile; fileRef = 4D45F2062CF95C3500189E3B /* DefaultConfig.plist */; };
		4D75682D2CF9914F0004B94D /* GoogleService-Info.plist in Resources */ = {isa = PBXBuildFile; fileRef = 4D75682C2CF9914E0004B94D /* GoogleService-Info.plist */; };
		4DB94F792CE44766006C2E97 /* AppDelegate.swift in Sources */ = {isa = PBXBuildFile; fileRef = 4DB94F782CE44766006C2E97 /* AppDelegate.swift */; };
		4DB94F7B2CE44766006C2E97 /* SceneDelegate.swift in Sources */ = {isa = PBXBuildFile; fileRef = 4DB94F7A2CE44766006C2E97 /* SceneDelegate.swift */; };
		4DB94F7D2CE44766006C2E97 /* ViewController.swift in Sources */ = {isa = PBXBuildFile; fileRef = 4DB94F7C2CE44766006C2E97 /* ViewController.swift */; };
		4DB94F802CE44766006C2E97 /* Base in Resources */ = {isa = PBXBuildFile; fileRef = 4DB94F7F2CE44766006C2E97 /* Base */; };
		4DB94F822CE44767006C2E97 /* Assets.xcassets in Resources */ = {isa = PBXBuildFile; fileRef = 4DB94F812CE44767006C2E97 /* Assets.xcassets */; };
		4DB94F852CE44767006C2E97 /* Base in Resources */ = {isa = PBXBuildFile; fileRef = 4DB94F842CE44767006C2E97 /* Base */; };
		4DB94F972CE44889006C2E97 /* CustomImageLoader.swift in Sources */ = {isa = PBXBuildFile; fileRef = 4DB94F952CE44889006C2E97 /* CustomImageLoader.swift */; };
		4DB94F982CE44889006C2E97 /* CustomService.swift in Sources */ = {isa = PBXBuildFile; fileRef = 4DB94F962CE44889006C2E97 /* CustomService.swift */; };
		4DB94F9F2CE448DC006C2E97 /* Extension.swift in Sources */ = {isa = PBXBuildFile; fileRef = 4DB94F992CE448DC006C2E97 /* Extension.swift */; };
		4DB94FA02CE448DC006C2E97 /* StringExtension.swift in Sources */ = {isa = PBXBuildFile; fileRef = 4DB94F9A2CE448DC006C2E97 /* StringExtension.swift */; };
		4DB94FA62CE448ED006C2E97 /* RMCharacterModel.swift in Sources */ = {isa = PBXBuildFile; fileRef = 4DB94FA52CE448ED006C2E97 /* RMCharacterModel.swift */; };
		4DB94FB02CE44906006C2E97 /* PlaywriteGBS-ExtraLight.ttf in Resources */ = {isa = PBXBuildFile; fileRef = 4DB94FA72CE44906006C2E97 /* PlaywriteGBS-ExtraLight.ttf */; };
		4DB94FB12CE44906006C2E97 /* PlaywriteGBS-ExtraLightItalic.ttf in Resources */ = {isa = PBXBuildFile; fileRef = 4DB94FA82CE44906006C2E97 /* PlaywriteGBS-ExtraLightItalic.ttf */; };
		4DB94FB22CE44906006C2E97 /* PlaywriteGBS-Italic.ttf in Resources */ = {isa = PBXBuildFile; fileRef = 4DB94FA92CE44906006C2E97 /* PlaywriteGBS-Italic.ttf */; };
		4DB94FB32CE44906006C2E97 /* PlaywriteGBS-Light.ttf in Resources */ = {isa = PBXBuildFile; fileRef = 4DB94FAA2CE44906006C2E97 /* PlaywriteGBS-Light.ttf */; };
		4DB94FB42CE44906006C2E97 /* PlaywriteGBS-LightItalic.ttf in Resources */ = {isa = PBXBuildFile; fileRef = 4DB94FAB2CE44906006C2E97 /* PlaywriteGBS-LightItalic.ttf */; };
		4DB94FB52CE44906006C2E97 /* PlaywriteGBS-Regular.ttf in Resources */ = {isa = PBXBuildFile; fileRef = 4DB94FAC2CE44906006C2E97 /* PlaywriteGBS-Regular.ttf */; };
		4DB94FB62CE44906006C2E97 /* PlaywriteGBS-Thin.ttf in Resources */ = {isa = PBXBuildFile; fileRef = 4DB94FAD2CE44906006C2E97 /* PlaywriteGBS-Thin.ttf */; };
		4DB94FB72CE44906006C2E97 /* PlaywriteGBS-ThinItalic.ttf in Resources */ = {isa = PBXBuildFile; fileRef = 4DB94FAE2CE44906006C2E97 /* PlaywriteGBS-ThinItalic.ttf */; };
		4DB94FBB2CE44945006C2E97 /* CharacterCollectionViewCell.swift in Sources */ = {isa = PBXBuildFile; fileRef = 4DB94FB82CE44945006C2E97 /* CharacterCollectionViewCell.swift */; };
		4DB94FBC2CE44945006C2E97 /* CharacterCollectionViewCell.xib in Resources */ = {isa = PBXBuildFile; fileRef = 4DB94FB92CE44945006C2E97 /* CharacterCollectionViewCell.xib */; };
		4DB94FBE2CE4494E006C2E97 /* CharacterListViewViewModel.swift in Sources */ = {isa = PBXBuildFile; fileRef = 4DB94FBD2CE4494E006C2E97 /* CharacterListViewViewModel.swift */; };
		69596BCD7CF517628BC01399 /* Pods_backup.framework in Frameworks */ = {isa = PBXBuildFile; fileRef = E20897DCA14DCB3E6503EF87 /* Pods_backup.framework */; };
/* End PBXBuildFile section */

/* Begin PBXFileReference section */
		4D400BE82CF9A15C00B0A33E /* SplashViewController.swift */ = {isa = PBXFileReference; lastKnownFileType = sourcecode.swift; path = SplashViewController.swift; sourceTree = "<group>"; };
		4D400BEF2CF9BD4100B0A33E /* LoginViewController.swift */ = {isa = PBXFileReference; lastKnownFileType = sourcecode.swift; path = LoginViewController.swift; sourceTree = "<group>"; };
		4D400BF12CF9C00B00B0A33E /* HomeViewController.swift */ = {isa = PBXFileReference; lastKnownFileType = sourcecode.swift; path = HomeViewController.swift; sourceTree = "<group>"; };
		4D45F2062CF95C3500189E3B /* DefaultConfig.plist */ = {isa = PBXFileReference; lastKnownFileType = text.plist.xml; path = DefaultConfig.plist; sourceTree = "<group>"; };
		4D75682C2CF9914E0004B94D /* GoogleService-Info.plist */ = {isa = PBXFileReference; lastKnownFileType = text.plist.xml; path = "GoogleService-Info.plist"; sourceTree = "<group>"; };
		4D7CA0FA2CF98DEE00C61949 /* backup.app */ = {isa = PBXFileReference; explicitFileType = wrapper.application; includeInIndex = 0; path = backup.app; sourceTree = BUILT_PRODUCTS_DIR; };
		4DB94F782CE44766006C2E97 /* AppDelegate.swift */ = {isa = PBXFileReference; lastKnownFileType = sourcecode.swift; path = AppDelegate.swift; sourceTree = "<group>"; };
		4DB94F7A2CE44766006C2E97 /* SceneDelegate.swift */ = {isa = PBXFileReference; lastKnownFileType = sourcecode.swift; path = SceneDelegate.swift; sourceTree = "<group>"; };
		4DB94F7C2CE44766006C2E97 /* ViewController.swift */ = {isa = PBXFileReference; lastKnownFileType = sourcecode.swift; path = ViewController.swift; sourceTree = "<group>"; };
		4DB94F7F2CE44766006C2E97 /* Base */ = {isa = PBXFileReference; lastKnownFileType = file.storyboard; name = Base; path = Base.lproj/Main.storyboard; sourceTree = "<group>"; };
		4DB94F812CE44767006C2E97 /* Assets.xcassets */ = {isa = PBXFileReference; lastKnownFileType = folder.assetcatalog; path = Assets.xcassets; sourceTree = "<group>"; };
		4DB94F842CE44767006C2E97 /* Base */ = {isa = PBXFileReference; lastKnownFileType = file.storyboard; name = Base; path = Base.lproj/LaunchScreen.storyboard; sourceTree = "<group>"; };
		4DB94F862CE44767006C2E97 /* Info.plist */ = {isa = PBXFileReference; lastKnownFileType = text.plist.xml; path = Info.plist; sourceTree = "<group>"; };
		4DB94F952CE44889006C2E97 /* CustomImageLoader.swift */ = {isa = PBXFileReference; fileEncoding = 4; lastKnownFileType = sourcecode.swift; path = CustomImageLoader.swift; sourceTree = "<group>"; };
		4DB94F962CE44889006C2E97 /* CustomService.swift */ = {isa = PBXFileReference; fileEncoding = 4; lastKnownFileType = sourcecode.swift; path = CustomService.swift; sourceTree = "<group>"; };
		4DB94F992CE448DC006C2E97 /* Extension.swift */ = {isa = PBXFileReference; fileEncoding = 4; lastKnownFileType = sourcecode.swift; path = Extension.swift; sourceTree = "<group>"; };
		4DB94F9A2CE448DC006C2E97 /* StringExtension.swift */ = {isa = PBXFileReference; fileEncoding = 4; lastKnownFileType = sourcecode.swift; path = StringExtension.swift; sourceTree = "<group>"; };
		4DB94FA52CE448ED006C2E97 /* RMCharacterModel.swift */ = {isa = PBXFileReference; fileEncoding = 4; lastKnownFileType = sourcecode.swift; path = RMCharacterModel.swift; sourceTree = "<group>"; };
		4DB94FA72CE44906006C2E97 /* PlaywriteGBS-ExtraLight.ttf */ = {isa = PBXFileReference; lastKnownFileType = file; path = "PlaywriteGBS-ExtraLight.ttf"; sourceTree = "<group>"; };
		4DB94FA82CE44906006C2E97 /* PlaywriteGBS-ExtraLightItalic.ttf */ = {isa = PBXFileReference; lastKnownFileType = file; path = "PlaywriteGBS-ExtraLightItalic.ttf"; sourceTree = "<group>"; };
		4DB94FA92CE44906006C2E97 /* PlaywriteGBS-Italic.ttf */ = {isa = PBXFileReference; lastKnownFileType = file; path = "PlaywriteGBS-Italic.ttf"; sourceTree = "<group>"; };
		4DB94FAA2CE44906006C2E97 /* PlaywriteGBS-Light.ttf */ = {isa = PBXFileReference; lastKnownFileType = file; path = "PlaywriteGBS-Light.ttf"; sourceTree = "<group>"; };
		4DB94FAB2CE44906006C2E97 /* PlaywriteGBS-LightItalic.ttf */ = {isa = PBXFileReference; lastKnownFileType = file; path = "PlaywriteGBS-LightItalic.ttf"; sourceTree = "<group>"; };
		4DB94FAC2CE44906006C2E97 /* PlaywriteGBS-Regular.ttf */ = {isa = PBXFileReference; lastKnownFileType = file; path = "PlaywriteGBS-Regular.ttf"; sourceTree = "<group>"; };
		4DB94FAD2CE44906006C2E97 /* PlaywriteGBS-Thin.ttf */ = {isa = PBXFileReference; lastKnownFileType = file; path = "PlaywriteGBS-Thin.ttf"; sourceTree = "<group>"; };
		4DB94FAE2CE44906006C2E97 /* PlaywriteGBS-ThinItalic.ttf */ = {isa = PBXFileReference; lastKnownFileType = file; path = "PlaywriteGBS-ThinItalic.ttf"; sourceTree = "<group>"; };
		4DB94FB82CE44945006C2E97 /* CharacterCollectionViewCell.swift */ = {isa = PBXFileReference; fileEncoding = 4; lastKnownFileType = sourcecode.swift; path = CharacterCollectionViewCell.swift; sourceTree = "<group>"; };
		4DB94FB92CE44945006C2E97 /* CharacterCollectionViewCell.xib */ = {isa = PBXFileReference; fileEncoding = 4; lastKnownFileType = file.xib; path = CharacterCollectionViewCell.xib; sourceTree = "<group>"; };
		4DB94FBD2CE4494E006C2E97 /* CharacterListViewViewModel.swift */ = {isa = PBXFileReference; fileEncoding = 4; lastKnownFileType = sourcecode.swift; path = CharacterListViewViewModel.swift; sourceTree = "<group>"; };
		5CCE9337165615918A38E1E3 /* Pods-backup.release.xcconfig */ = {isa = PBXFileReference; includeInIndex = 1; lastKnownFileType = text.xcconfig; name = "Pods-backup.release.xcconfig"; path = "Target Support Files/Pods-backup/Pods-backup.release.xcconfig"; sourceTree = "<group>"; };
		74C1D73BFD1D21DFBDA4A0A9 /* Pods-backup.debug.xcconfig */ = {isa = PBXFileReference; includeInIndex = 1; lastKnownFileType = text.xcconfig; name = "Pods-backup.debug.xcconfig"; path = "Target Support Files/Pods-backup/Pods-backup.debug.xcconfig"; sourceTree = "<group>"; };
		E20897DCA14DCB3E6503EF87 /* Pods_backup.framework */ = {isa = PBXFileReference; explicitFileType = wrapper.framework; includeInIndex = 0; path = Pods_backup.framework; sourceTree = BUILT_PRODUCTS_DIR; };
/* End PBXFileReference section */

/* Begin PBXFileSystemSynchronizedBuildFileExceptionSet section */
		4D45F1F42CF9511600189E3B /* Exceptions for "Constants" folder in "backup" target */ = {
			isa = PBXFileSystemSynchronizedBuildFileExceptionSet;
			membershipExceptions = (
				CustomFont.swift,
				DefaultConfigManager/DefaultConfigManager.swift,
				RCManager/RCManager.swift,
				ThemeColor.swift,
				ThemeImage.swift,
				UserDefaultsManager.swift,
			);
			target = 4DB94F742CE44766006C2E97 /* backup */;
		};
/* End PBXFileSystemSynchronizedBuildFileExceptionSet section */

/* Begin PBXFileSystemSynchronizedRootGroup section */
		4D400BEA2CF9B19600B0A33E /* OnBoardCollectionViewCell */ = {
			isa = PBXFileSystemSynchronizedRootGroup;
			path = OnBoardCollectionViewCell;
			sourceTree = "<group>";
		};
		4D45F1F32CF9510600189E3B /* Constants */ = {
			isa = PBXFileSystemSynchronizedRootGroup;
			exceptions = (
				4D45F1F42CF9511600189E3B /* Exceptions for "Constants" folder in "backup" target */,
			);
			path = Constants;
			sourceTree = "<group>";
		};
/* End PBXFileSystemSynchronizedRootGroup section */

/* Begin PBXFrameworksBuildPhase section */
		4DB94F722CE44766006C2E97 /* Frameworks */ = {
			isa = PBXFrameworksBuildPhase;
			buildActionMask = 2147483647;
			files = (
				69596BCD7CF517628BC01399 /* Pods_backup.framework in Frameworks */,
			);
			runOnlyForDeploymentPostprocessing = 0;
		};
/* End PBXFrameworksBuildPhase section */

/* Begin PBXGroup section */
		4DB94F6C2CE44766006C2E97 = {
			isa = PBXGroup;
			children = (
				4DB94F772CE44766006C2E97 /* backup */,
				4D7CA0FA2CF98DEE00C61949 /* backup.app */,
				624FCE39DB78C0C735790E4A /* Pods */,
				547CFEF3EC50E8E96DFE6FED /* Frameworks */,
			);
			sourceTree = "<group>";
		};
		4DB94F772CE44766006C2E97 /* backup */ = {
			isa = PBXGroup;
			children = (
				4DB94F8C2CE44771006C2E97 /* Delegates */,
				4D45F1F32CF9510600189E3B /* Constants */,
				4DB94F932CE447D0006C2E97 /* Extension */,
				4DB94F8E2CE44784006C2E97 /* Resources */,
				4DB94F942CE447D6006C2E97 /* APIManager */,
				4DB94F912CE447A5006C2E97 /* ViewModel */,
				4DB94F922CE447C7006C2E97 /* View */,
				4DB94F902CE4479E006C2E97 /* Model */,
				4DB94F8D2CE4477C006C2E97 /* Controllers */,
				4DB94F8F2CE4478D006C2E97 /* Storyboards */,
				4D45F2062CF95C3500189E3B /* DefaultConfig.plist */,
				4D75682C2CF9914E0004B94D /* GoogleService-Info.plist */,
				4DB94F862CE44767006C2E97 /* Info.plist */,
			);
			path = backup;
			sourceTree = "<group>";
		};
		4DB94F8C2CE44771006C2E97 /* Delegates */ = {
			isa = PBXGroup;
			children = (
				4DB94F782CE44766006C2E97 /* AppDelegate.swift */,
				4DB94F7A2CE44766006C2E97 /* SceneDelegate.swift */,
			);
			path = Delegates;
			sourceTree = "<group>";
		};
		4DB94F8D2CE4477C006C2E97 /* Controllers */ = {
			isa = PBXGroup;
			children = (
				4DB94F7C2CE44766006C2E97 /* ViewController.swift */,
				4D400BE82CF9A15C00B0A33E /* SplashViewController.swift */,
				4D400BEF2CF9BD4100B0A33E /* LoginViewController.swift */,
				4D400BF12CF9C00B00B0A33E /* HomeViewController.swift */,
			);
			path = Controllers;
			sourceTree = "<group>";
		};
		4DB94F8E2CE44784006C2E97 /* Resources */ = {
			isa = PBXGroup;
			children = (
				4DB94FAF2CE44906006C2E97 /* Fonts */,
				4DB94F812CE44767006C2E97 /* Assets.xcassets */,
			);
			path = Resources;
			sourceTree = "<group>";
		};
		4DB94F8F2CE4478D006C2E97 /* Storyboards */ = {
			isa = PBXGroup;
			children = (
				4DB94F7E2CE44766006C2E97 /* Main.storyboard */,
				4DB94F832CE44767006C2E97 /* LaunchScreen.storyboard */,
			);
			path = Storyboards;
			sourceTree = "<group>";
		};
		4DB94F902CE4479E006C2E97 /* Model */ = {
			isa = PBXGroup;
			children = (
				4DB94FA52CE448ED006C2E97 /* RMCharacterModel.swift */,
			);
			path = Model;
			sourceTree = "<group>";
		};
		4DB94F912CE447A5006C2E97 /* ViewModel */ = {
			isa = PBXGroup;
			children = (
				4DB94FBD2CE4494E006C2E97 /* CharacterListViewViewModel.swift */,
			);
			path = ViewModel;
			sourceTree = "<group>";
		};
		4DB94F922CE447C7006C2E97 /* View */ = {
			isa = PBXGroup;
			children = (
				4D400BEA2CF9B19600B0A33E /* OnBoardCollectionViewCell */,
				4DB94FBA2CE44945006C2E97 /* CharacterView */,
			);
			path = View;
			sourceTree = "<group>";
		};
		4DB94F932CE447D0006C2E97 /* Extension */ = {
			isa = PBXGroup;
			children = (
				4DB94F992CE448DC006C2E97 /* Extension.swift */,
				4DB94F9A2CE448DC006C2E97 /* StringExtension.swift */,
			);
			path = Extension;
			sourceTree = "<group>";
		};
		4DB94F942CE447D6006C2E97 /* APIManager */ = {
			isa = PBXGroup;
			children = (
				4DB94F952CE44889006C2E97 /* CustomImageLoader.swift */,
				4DB94F962CE44889006C2E97 /* CustomService.swift */,
			);
			path = APIManager;
			sourceTree = "<group>";
		};
		4DB94FAF2CE44906006C2E97 /* Fonts */ = {
			isa = PBXGroup;
			children = (
				4DB94FA72CE44906006C2E97 /* PlaywriteGBS-ExtraLight.ttf */,
				4DB94FA82CE44906006C2E97 /* PlaywriteGBS-ExtraLightItalic.ttf */,
				4DB94FA92CE44906006C2E97 /* PlaywriteGBS-Italic.ttf */,
				4DB94FAA2CE44906006C2E97 /* PlaywriteGBS-Light.ttf */,
				4DB94FAB2CE44906006C2E97 /* PlaywriteGBS-LightItalic.ttf */,
				4DB94FAC2CE44906006C2E97 /* PlaywriteGBS-Regular.ttf */,
				4DB94FAD2CE44906006C2E97 /* PlaywriteGBS-Thin.ttf */,
				4DB94FAE2CE44906006C2E97 /* PlaywriteGBS-ThinItalic.ttf */,
			);
			path = Fonts;
			sourceTree = "<group>";
		};
		4DB94FBA2CE44945006C2E97 /* CharacterView */ = {
			isa = PBXGroup;
			children = (
				4DB94FB82CE44945006C2E97 /* CharacterCollectionViewCell.swift */,
				4DB94FB92CE44945006C2E97 /* CharacterCollectionViewCell.xib */,
			);
			path = CharacterView;
			sourceTree = "<group>";
		};
		547CFEF3EC50E8E96DFE6FED /* Frameworks */ = {
			isa = PBXGroup;
			children = (
				E20897DCA14DCB3E6503EF87 /* Pods_backup.framework */,
			);
			name = Frameworks;
			sourceTree = "<group>";
		};
		624FCE39DB78C0C735790E4A /* Pods */ = {
			isa = PBXGroup;
			children = (
				74C1D73BFD1D21DFBDA4A0A9 /* Pods-backup.debug.xcconfig */,
				5CCE9337165615918A38E1E3 /* Pods-backup.release.xcconfig */,
			);
			path = Pods;
			sourceTree = "<group>";
		};
/* End PBXGroup section */

/* Begin PBXNativeTarget section */
		4DB94F742CE44766006C2E97 /* backup */ = {
			isa = PBXNativeTarget;
			buildConfigurationList = 4DB94F892CE44767006C2E97 /* Build configuration list for PBXNativeTarget "backup" */;
			buildPhases = (
				FF0C7BE34D1F66558BC3CC9D /* [CP] Check Pods Manifest.lock */,
				4DB94F712CE44766006C2E97 /* Sources */,
				4DB94F722CE44766006C2E97 /* Frameworks */,
				4DB94F732CE44766006C2E97 /* Resources */,
				3B05B90FF89A0CFA67F9B942 /* [CP] Embed Pods Frameworks */,
			);
			buildRules = (
			);
			dependencies = (
			);
			fileSystemSynchronizedGroups = (
				4D400BEA2CF9B19600B0A33E /* OnBoardCollectionViewCell */,
			);
			name = backup;
			productName = backup;
			productReference = 4D7CA0FA2CF98DEE00C61949 /* backup.app */;
			productType = "com.apple.product-type.application";
		};
/* End PBXNativeTarget section */

/* Begin PBXProject section */
		4DB94F6D2CE44766006C2E97 /* Project object */ = {
			isa = PBXProject;
			attributes = {
				BuildIndependentTargetsInParallel = 1;
				LastSwiftUpdateCheck = 1540;
				LastUpgradeCheck = 1540;
				TargetAttributes = {
					4DB94F742CE44766006C2E97 = {
						CreatedOnToolsVersion = 15.4;
					};
				};
			};
			buildConfigurationList = 4DB94F702CE44766006C2E97 /* Build configuration list for PBXProject "backup" */;
			developmentRegion = en;
			hasScannedForEncodings = 0;
			knownRegions = (
				en,
				Base,
			);
			mainGroup = 4DB94F6C2CE44766006C2E97;
			preferredProjectObjectVersion = 77;
			productRefGroup = 4DB94F6C2CE44766006C2E97;
			projectDirPath = "";
			projectRoot = "";
			targets = (
				4DB94F742CE44766006C2E97 /* backup */,
			);
		};
/* End PBXProject section */

/* Begin PBXResourcesBuildPhase section */
		4DB94F732CE44766006C2E97 /* Resources */ = {
			isa = PBXResourcesBuildPhase;
			buildActionMask = 2147483647;
			files = (
				4DB94FB72CE44906006C2E97 /* PlaywriteGBS-ThinItalic.ttf in Resources */,
				4DB94FB42CE44906006C2E97 /* PlaywriteGBS-LightItalic.ttf in Resources */,
				4DB94F822CE44767006C2E97 /* Assets.xcassets in Resources */,
				4DB94FB32CE44906006C2E97 /* PlaywriteGBS-Light.ttf in Resources */,
				4DB94FBC2CE44945006C2E97 /* CharacterCollectionViewCell.xib in Resources */,
				4DB94FB02CE44906006C2E97 /* PlaywriteGBS-ExtraLight.ttf in Resources */,
				4DB94FB12CE44906006C2E97 /* PlaywriteGBS-ExtraLightItalic.ttf in Resources */,
				4DB94FB52CE44906006C2E97 /* PlaywriteGBS-Regular.ttf in Resources */,
				4DB94FB62CE44906006C2E97 /* PlaywriteGBS-Thin.ttf in Resources */,
				4DB94FB22CE44906006C2E97 /* PlaywriteGBS-Italic.ttf in Resources */,
				4D45F2072CF95C3500189E3B /* DefaultConfig.plist in Resources */,
				4DB94F852CE44767006C2E97 /* Base in Resources */,
				4DB94F802CE44766006C2E97 /* Base in Resources */,
				4D75682D2CF9914F0004B94D /* GoogleService-Info.plist in Resources */,
			);
			runOnlyForDeploymentPostprocessing = 0;
		};
/* End PBXResourcesBuildPhase section */

/* Begin PBXShellScriptBuildPhase section */
		3B05B90FF89A0CFA67F9B942 /* [CP] Embed Pods Frameworks */ = {
			isa = PBXShellScriptBuildPhase;
			buildActionMask = 2147483647;
			files = (
			);
			inputFileListPaths = (
				"${PODS_ROOT}/Target Support Files/Pods-backup/Pods-backup-frameworks-${CONFIGURATION}-input-files.xcfilelist",
			);
			name = "[CP] Embed Pods Frameworks";
			outputFileListPaths = (
				"${PODS_ROOT}/Target Support Files/Pods-backup/Pods-backup-frameworks-${CONFIGURATION}-output-files.xcfilelist",
			);
			runOnlyForDeploymentPostprocessing = 0;
			shellPath = /bin/sh;
			shellScript = "\"${PODS_ROOT}/Target Support Files/Pods-backup/Pods-backup-frameworks.sh\"\n";
			showEnvVarsInLog = 0;
		};
		FF0C7BE34D1F66558BC3CC9D /* [CP] Check Pods Manifest.lock */ = {
			isa = PBXShellScriptBuildPhase;
			buildActionMask = 2147483647;
			files = (
			);
			inputFileListPaths = (
			);
			inputPaths = (
				"${PODS_PODFILE_DIR_PATH}/Podfile.lock",
				"${PODS_ROOT}/Manifest.lock",
			);
			name = "[CP] Check Pods Manifest.lock";
			outputFileListPaths = (
			);
			outputPaths = (
				"$(DERIVED_FILE_DIR)/Pods-backup-checkManifestLockResult.txt",
			);
			runOnlyForDeploymentPostprocessing = 0;
			shellPath = /bin/sh;
			shellScript = "diff \"${PODS_PODFILE_DIR_PATH}/Podfile.lock\" \"${PODS_ROOT}/Manifest.lock\" > /dev/null\nif [ $? != 0 ] ; then\n    # print error to STDERR\n    echo \"error: The sandbox is not in sync with the Podfile.lock. Run 'pod install' or update your CocoaPods installation.\" >&2\n    exit 1\nfi\n# This output is used by Xcode 'outputs' to avoid re-running this script phase.\necho \"SUCCESS\" > \"${SCRIPT_OUTPUT_FILE_0}\"\n";
			showEnvVarsInLog = 0;
		};
/* End PBXShellScriptBuildPhase section */

/* Begin PBXSourcesBuildPhase section */
		4DB94F712CE44766006C2E97 /* Sources */ = {
			isa = PBXSourcesBuildPhase;
			buildActionMask = 2147483647;
			files = (
				4DB94F7D2CE44766006C2E97 /* ViewController.swift in Sources */,
				4DB94FA02CE448DC006C2E97 /* StringExtension.swift in Sources */,
				4DB94FA62CE448ED006C2E97 /* RMCharacterModel.swift in Sources */,
				4D400BF02CF9BD4100B0A33E /* LoginViewController.swift in Sources */,
				4D400BE92CF9A15C00B0A33E /* SplashViewController.swift in Sources */,
				4DB94F792CE44766006C2E97 /* AppDelegate.swift in Sources */,
				4DB94F7B2CE44766006C2E97 /* SceneDelegate.swift in Sources */,
				4DB94FBB2CE44945006C2E97 /* CharacterCollectionViewCell.swift in Sources */,
				4D400BF22CF9C00B00B0A33E /* HomeViewController.swift in Sources */,
				4DB94F9F2CE448DC006C2E97 /* Extension.swift in Sources */,
				4DB94F972CE44889006C2E97 /* CustomImageLoader.swift in Sources */,
				4DB94FBE2CE4494E006C2E97 /* CharacterListViewViewModel.swift in Sources */,
				4DB94F982CE44889006C2E97 /* CustomService.swift in Sources */,
			);
			runOnlyForDeploymentPostprocessing = 0;
		};
/* End PBXSourcesBuildPhase section */

/* Begin PBXVariantGroup section */
		4DB94F7E2CE44766006C2E97 /* Main.storyboard */ = {
			isa = PBXVariantGroup;
			children = (
				4DB94F7F2CE44766006C2E97 /* Base */,
			);
			name = Main.storyboard;
			sourceTree = "<group>";
		};
		4DB94F832CE44767006C2E97 /* LaunchScreen.storyboard */ = {
			isa = PBXVariantGroup;
			children = (
				4DB94F842CE44767006C2E97 /* Base */,
			);
			name = LaunchScreen.storyboard;
			sourceTree = "<group>";
		};
/* End PBXVariantGroup section */

/* Begin XCBuildConfiguration section */
		4DB94F872CE44767006C2E97 /* Debug */ = {
			isa = XCBuildConfiguration;
			buildSettings = {
				ALWAYS_SEARCH_USER_PATHS = NO;
				ASSETCATALOG_COMPILER_GENERATE_SWIFT_ASSET_SYMBOL_EXTENSIONS = YES;
				CLANG_ANALYZER_NONNULL = YES;
				CLANG_ANALYZER_NUMBER_OBJECT_CONVERSION = YES_AGGRESSIVE;
				CLANG_CXX_LANGUAGE_STANDARD = "gnu++20";
				CLANG_ENABLE_MODULES = YES;
				CLANG_ENABLE_OBJC_ARC = YES;
				CLANG_ENABLE_OBJC_WEAK = YES;
				CLANG_WARN_BLOCK_CAPTURE_AUTORELEASING = YES;
				CLANG_WARN_BOOL_CONVERSION = YES;
				CLANG_WARN_COMMA = YES;
				CLANG_WARN_CONSTANT_CONVERSION = YES;
				CLANG_WARN_DEPRECATED_OBJC_IMPLEMENTATIONS = YES;
				CLANG_WARN_DIRECT_OBJC_ISA_USAGE = YES_ERROR;
				CLANG_WARN_DOCUMENTATION_COMMENTS = YES;
				CLANG_WARN_EMPTY_BODY = YES;
				CLANG_WARN_ENUM_CONVERSION = YES;
				CLANG_WARN_INFINITE_RECURSION = YES;
				CLANG_WARN_INT_CONVERSION = YES;
				CLANG_WARN_NON_LITERAL_NULL_CONVERSION = YES;
				CLANG_WARN_OBJC_IMPLICIT_RETAIN_SELF = YES;
				CLANG_WARN_OBJC_LITERAL_CONVERSION = YES;
				CLANG_WARN_OBJC_ROOT_CLASS = YES_ERROR;
				CLANG_WARN_QUOTED_INCLUDE_IN_FRAMEWORK_HEADER = YES;
				CLANG_WARN_RANGE_LOOP_ANALYSIS = YES;
				CLANG_WARN_STRICT_PROTOTYPES = YES;
				CLANG_WARN_SUSPICIOUS_MOVE = YES;
				CLANG_WARN_UNGUARDED_AVAILABILITY = YES_AGGRESSIVE;
				CLANG_WARN_UNREACHABLE_CODE = YES;
				CLANG_WARN__DUPLICATE_METHOD_MATCH = YES;
				COPY_PHASE_STRIP = NO;
				DEBUG_INFORMATION_FORMAT = dwarf;
				ENABLE_STRICT_OBJC_MSGSEND = YES;
				ENABLE_TESTABILITY = YES;
				ENABLE_USER_SCRIPT_SANDBOXING = NO;
				GCC_C_LANGUAGE_STANDARD = gnu17;
				GCC_DYNAMIC_NO_PIC = NO;
				GCC_NO_COMMON_BLOCKS = YES;
				GCC_OPTIMIZATION_LEVEL = 0;
				GCC_PREPROCESSOR_DEFINITIONS = (
					"DEBUG=1",
					"$(inherited)",
				);
				GCC_WARN_64_TO_32_BIT_CONVERSION = YES;
				GCC_WARN_ABOUT_RETURN_TYPE = YES_ERROR;
				GCC_WARN_UNDECLARED_SELECTOR = YES;
				GCC_WARN_UNINITIALIZED_AUTOS = YES_AGGRESSIVE;
				GCC_WARN_UNUSED_FUNCTION = YES;
				GCC_WARN_UNUSED_VARIABLE = YES;
				IPHONEOS_DEPLOYMENT_TARGET = 17.5;
				LOCALIZATION_PREFERS_STRING_CATALOGS = YES;
				MTL_ENABLE_DEBUG_INFO = INCLUDE_SOURCE;
				MTL_FAST_MATH = YES;
				ONLY_ACTIVE_ARCH = YES;
				SDKROOT = iphoneos;
				SWIFT_ACTIVE_COMPILATION_CONDITIONS = "DEBUG $(inherited)";
				SWIFT_OPTIMIZATION_LEVEL = "-Onone";
			};
			name = Debug;
		};
		4DB94F882CE44767006C2E97 /* Release */ = {
			isa = XCBuildConfiguration;
			buildSettings = {
				ALWAYS_SEARCH_USER_PATHS = NO;
				ASSETCATALOG_COMPILER_GENERATE_SWIFT_ASSET_SYMBOL_EXTENSIONS = YES;
				CLANG_ANALYZER_NONNULL = YES;
				CLANG_ANALYZER_NUMBER_OBJECT_CONVERSION = YES_AGGRESSIVE;
				CLANG_CXX_LANGUAGE_STANDARD = "gnu++20";
				CLANG_ENABLE_MODULES = YES;
				CLANG_ENABLE_OBJC_ARC = YES;
				CLANG_ENABLE_OBJC_WEAK = YES;
				CLANG_WARN_BLOCK_CAPTURE_AUTORELEASING = YES;
				CLANG_WARN_BOOL_CONVERSION = YES;
				CLANG_WARN_COMMA = YES;
				CLANG_WARN_CONSTANT_CONVERSION = YES;
				CLANG_WARN_DEPRECATED_OBJC_IMPLEMENTATIONS = YES;
				CLANG_WARN_DIRECT_OBJC_ISA_USAGE = YES_ERROR;
				CLANG_WARN_DOCUMENTATION_COMMENTS = YES;
				CLANG_WARN_EMPTY_BODY = YES;
				CLANG_WARN_ENUM_CONVERSION = YES;
				CLANG_WARN_INFINITE_RECURSION = YES;
				CLANG_WARN_INT_CONVERSION = YES;
				CLANG_WARN_NON_LITERAL_NULL_CONVERSION = YES;
				CLANG_WARN_OBJC_IMPLICIT_RETAIN_SELF = YES;
				CLANG_WARN_OBJC_LITERAL_CONVERSION = YES;
				CLANG_WARN_OBJC_ROOT_CLASS = YES_ERROR;
				CLANG_WARN_QUOTED_INCLUDE_IN_FRAMEWORK_HEADER = YES;
				CLANG_WARN_RANGE_LOOP_ANALYSIS = YES;
				CLANG_WARN_STRICT_PROTOTYPES = YES;
				CLANG_WARN_SUSPICIOUS_MOVE = YES;
				CLANG_WARN_UNGUARDED_AVAILABILITY = YES_AGGRESSIVE;
				CLANG_WARN_UNREACHABLE_CODE = YES;
				CLANG_WARN__DUPLICATE_METHOD_MATCH = YES;
				COPY_PHASE_STRIP = NO;
				DEBUG_INFORMATION_FORMAT = "dwarf-with-dsym";
				ENABLE_NS_ASSERTIONS = NO;
				ENABLE_STRICT_OBJC_MSGSEND = YES;
				ENABLE_USER_SCRIPT_SANDBOXING = NO;
				GCC_C_LANGUAGE_STANDARD = gnu17;
				GCC_NO_COMMON_BLOCKS = YES;
				GCC_WARN_64_TO_32_BIT_CONVERSION = YES;
				GCC_WARN_ABOUT_RETURN_TYPE = YES_ERROR;
				GCC_WARN_UNDECLARED_SELECTOR = YES;
				GCC_WARN_UNINITIALIZED_AUTOS = YES_AGGRESSIVE;
				GCC_WARN_UNUSED_FUNCTION = YES;
				GCC_WARN_UNUSED_VARIABLE = YES;
				IPHONEOS_DEPLOYMENT_TARGET = 17.5;
				LOCALIZATION_PREFERS_STRING_CATALOGS = YES;
				MTL_ENABLE_DEBUG_INFO = NO;
				MTL_FAST_MATH = YES;
				SDKROOT = iphoneos;
				SWIFT_COMPILATION_MODE = wholemodule;
				VALIDATE_PRODUCT = YES;
			};
			name = Release;
		};
		4DB94F8A2CE44767006C2E97 /* Debug */ = {
			isa = XCBuildConfiguration;
			baseConfigurationReference = 74C1D73BFD1D21DFBDA4A0A9 /* Pods-backup.debug.xcconfig */;
			buildSettings = {
				ASSETCATALOG_COMPILER_APPICON_NAME = AppIcon;
				ASSETCATALOG_COMPILER_GLOBAL_ACCENT_COLOR_NAME = AccentColor;
				CODE_SIGN_ENTITLEMENTS = backup/backup.entitlements;
				CODE_SIGN_STYLE = Manual;
				CURRENT_PROJECT_VERSION = 1;
				DEVELOPMENT_TEAM = "";
				GENERATE_INFOPLIST_FILE = YES;
				INFOPLIST_FILE = backup/Info.plist;
				INFOPLIST_KEY_UIApplicationSupportsIndirectInputEvents = YES;
				INFOPLIST_KEY_UILaunchStoryboardName = LaunchScreen;
				INFOPLIST_KEY_UIMainStoryboardFile = Main;
				INFOPLIST_KEY_UISupportedInterfaceOrientations = UIInterfaceOrientationPortrait;
				LD_RUNPATH_SEARCH_PATHS = (
					"$(inherited)",
					"@executable_path/Frameworks",
				);
				MARKETING_VERSION = 1.0;
				PRODUCT_BUNDLE_IDENTIFIER = com.demo.backup;
				PRODUCT_NAME = "$(TARGET_NAME)";
				PROVISIONING_PROFILE_SPECIFIER = "";
				SUPPORTED_PLATFORMS = "iphoneos iphonesimulator";
				SUPPORTS_MACCATALYST = NO;
				SUPPORTS_MAC_DESIGNED_FOR_IPHONE_IPAD = NO;
				SUPPORTS_XR_DESIGNED_FOR_IPHONE_IPAD = NO;
				SWIFT_EMIT_LOC_STRINGS = YES;
				SWIFT_VERSION = 5.0;
				TARGETED_DEVICE_FAMILY = "1,2";
			};
			name = Debug;
		};
		4DB94F8B2CE44767006C2E97 /* Release */ = {
			isa = XCBuildConfiguration;
			baseConfigurationReference = 5CCE9337165615918A38E1E3 /* Pods-backup.release.xcconfig */;
			buildSettings = {
				ASSETCATALOG_COMPILER_APPICON_NAME = AppIcon;
				ASSETCATALOG_COMPILER_GLOBAL_ACCENT_COLOR_NAME = AccentColor;
				CODE_SIGN_ENTITLEMENTS = backup/backup.entitlements;
				CODE_SIGN_STYLE = Manual;
				CURRENT_PROJECT_VERSION = 1;
				DEVELOPMENT_TEAM = "";
				GENERATE_INFOPLIST_FILE = YES;
				INFOPLIST_FILE = backup/Info.plist;
				INFOPLIST_KEY_UIApplicationSupportsIndirectInputEvents = YES;
				INFOPLIST_KEY_UILaunchStoryboardName = LaunchScreen;
				INFOPLIST_KEY_UIMainStoryboardFile = Main;
				INFOPLIST_KEY_UISupportedInterfaceOrientations = UIInterfaceOrientationPortrait;
				LD_RUNPATH_SEARCH_PATHS = (
					"$(inherited)",
					"@executable_path/Frameworks",
				);
				MARKETING_VERSION = 1.0;
				PRODUCT_BUNDLE_IDENTIFIER = com.demo.backup;
				PRODUCT_NAME = "$(TARGET_NAME)";
				PROVISIONING_PROFILE_SPECIFIER = "";
				SUPPORTED_PLATFORMS = "iphoneos iphonesimulator";
				SUPPORTS_MACCATALYST = NO;
				SUPPORTS_MAC_DESIGNED_FOR_IPHONE_IPAD = NO;
				SUPPORTS_XR_DESIGNED_FOR_IPHONE_IPAD = NO;
				SWIFT_EMIT_LOC_STRINGS = YES;
				SWIFT_VERSION = 5.0;
				TARGETED_DEVICE_FAMILY = "1,2";
			};
			name = Release;
		};
/* End XCBuildConfiguration section */

/* Begin XCConfigurationList section */
		4DB94F702CE44766006C2E97 /* Build configuration list for PBXProject "backup" */ = {
			isa = XCConfigurationList;
			buildConfigurations = (
				4DB94F872CE44767006C2E97 /* Debug */,
				4DB94F882CE44767006C2E97 /* Release */,
			);
			defaultConfigurationIsVisible = 0;
			defaultConfigurationName = Release;
		};
		4DB94F892CE44767006C2E97 /* Build configuration list for PBXNativeTarget "backup" */ = {
			isa = XCConfigurationList;
			buildConfigurations = (
				4DB94F8A2CE44767006C2E97 /* Debug */,
				4DB94F8B2CE44767006C2E97 /* Release */,
			);
			defaultConfigurationIsVisible = 0;
			defaultConfigurationName = Release;
		};
/* End XCConfigurationList section */
	};
	rootObject = 4DB94F6D2CE44766006C2E97 /* Project object */;
}
